
Microsoft Visual Studio Solution File, Format Version 12.00
# Visual Studio Version 16
VisualStudioVersion = 16.0.28922.388
MinimumVisualStudioVersion = 10.0.40219.1
Project("{8BC9CEB8-8B4A-11D0-8D11-00A0C91BC942}") = "core", "engine\core\core.vcxproj", "{A152004C-EB5C-4813-BC62-FA39BD96B4A3}"
EndProject
Project("{8BC9CEB8-8B4A-11D0-8D11-00A0C91BC942}") = "sandbox", "games\sandbox\sandbox.vcxproj", "{36C52B09-1931-4230-88AF-E84DB996092A}"
	ProjectSection(ProjectDependencies) = postProject
		{A152004C-EB5C-4813-BC62-FA39BD96B4A3} = {A152004C-EB5C-4813-BC62-FA39BD96B4A3}
	EndProjectSection
EndProject
Project("{2150E333-8FDC-42A3-9474-1A3956D46DE8}") = "engine", "engine", "{DA6EF8B3-11F5-4680-97D2-4DE68BF29908}"
EndProject
Project("{2150E333-8FDC-42A3-9474-1A3956D46DE8}") = "games", "games", "{10B9D678-743E-4B2E-ABF5-9B0F5835260B}"
EndProject
Project("{2150E333-8FDC-42A3-9474-1A3956D46DE8}") = "external", "external", "{E2332766-899E-4649-96F6-EE78128E28A1}"
EndProject
Project("{2150E333-8FDC-42A3-9474-1A3956D46DE8}") = "tests", "tests", "{EC645CCE-0DC1-4E8A-8A1C-0CCDAEFA3B7B}"
EndProject
Project("{8BC9CEB8-8B4A-11D0-8D11-00A0C91BC942}") = "gtest", "external\googletest\googletest\msvc\2010\gtest.vcxproj", "{C8F6C172-56F2-4E76-B5FA-C3B423B31BE7}"
EndProject
Project("{8BC9CEB8-8B4A-11D0-8D11-00A0C91BC942}") = "gtest_main", "external\googletest\googletest\msvc\2010\gtest_main.vcxproj", "{3AF54C8A-10BF-4332-9147-F68ED9862032}"
EndProject
Project("{8BC9CEB8-8B4A-11D0-8D11-00A0C91BC942}") = "test-core", "tests\test-core\test-core.vcxproj", "{2AF02E16-066E-4FC4-A187-350729FA0842}"
	ProjectSection(ProjectDependencies) = postProject
		{A152004C-EB5C-4813-BC62-FA39BD96B4A3} = {A152004C-EB5C-4813-BC62-FA39BD96B4A3}
		{C8F6C172-56F2-4E76-B5FA-C3B423B31BE7} = {C8F6C172-56F2-4E76-B5FA-C3B423B31BE7}
		{3AF54C8A-10BF-4332-9147-F68ED9862032} = {3AF54C8A-10BF-4332-9147-F68ED9862032}
	EndProjectSection
EndProject
Global
	GlobalSection(SolutionConfigurationPlatforms) = preSolution
		Debug|x64 = Debug|x64
		Release|x64 = Release|x64
	EndGlobalSection
	GlobalSection(ProjectConfigurationPlatforms) = postSolution
		{A152004C-EB5C-4813-BC62-FA39BD96B4A3}.Debug|x64.ActiveCfg = Debug|x64
		{A152004C-EB5C-4813-BC62-FA39BD96B4A3}.Debug|x64.Build.0 = Debug|x64
		{A152004C-EB5C-4813-BC62-FA39BD96B4A3}.Release|x64.ActiveCfg = Release|x64
		{A152004C-EB5C-4813-BC62-FA39BD96B4A3}.Release|x64.Build.0 = Release|x64
		{36C52B09-1931-4230-88AF-E84DB996092A}.Debug|x64.ActiveCfg = Debug|x64
		{36C52B09-1931-4230-88AF-E84DB996092A}.Debug|x64.Build.0 = Debug|x64
		{36C52B09-1931-4230-88AF-E84DB996092A}.Release|x64.ActiveCfg = Release|x64
		{36C52B09-1931-4230-88AF-E84DB996092A}.Release|x64.Build.0 = Release|x64
		{C8F6C172-56F2-4E76-B5FA-C3B423B31BE7}.Debug|x64.ActiveCfg = Debug|x64
		{C8F6C172-56F2-4E76-B5FA-C3B423B31BE7}.Debug|x64.Build.0 = Debug|x64
		{C8F6C172-56F2-4E76-B5FA-C3B423B31BE7}.Release|x64.ActiveCfg = Release|x64
		{C8F6C172-56F2-4E76-B5FA-C3B423B31BE7}.Release|x64.Build.0 = Release|x64
		{3AF54C8A-10BF-4332-9147-F68ED9862032}.Debug|x64.ActiveCfg = Debug|x64
		{3AF54C8A-10BF-4332-9147-F68ED9862032}.Debug|x64.Build.0 = Debug|x64
		{3AF54C8A-10BF-4332-9147-F68ED9862032}.Release|x64.ActiveCfg = Release|x64
		{3AF54C8A-10BF-4332-9147-F68ED9862032}.Release|x64.Build.0 = Release|x64
		{2AF02E16-066E-4FC4-A187-350729FA0842}.Debug|x64.ActiveCfg = Debug|x64
		{2AF02E16-066E-4FC4-A187-350729FA0842}.Debug|x64.Build.0 = Debug|x64
		{2AF02E16-066E-4FC4-A187-350729FA0842}.Release|x64.ActiveCfg = Release|x64
		{2AF02E16-066E-4FC4-A187-350729FA0842}.Release|x64.Build.0 = Release|x64
	EndGlobalSection
	GlobalSection(SolutionProperties) = preSolution
		HideSolutionNode = FALSE
	EndGlobalSection
	GlobalSection(NestedProjects) = preSolution
		{A152004C-EB5C-4813-BC62-FA39BD96B4A3} = {DA6EF8B3-11F5-4680-97D2-4DE68BF29908}
		{36C52B09-1931-4230-88AF-E84DB996092A} = {10B9D678-743E-4B2E-ABF5-9B0F5835260B}
		{C8F6C172-56F2-4E76-B5FA-C3B423B31BE7} = {E2332766-899E-4649-96F6-EE78128E28A1}
		{3AF54C8A-10BF-4332-9147-F68ED9862032} = {E2332766-899E-4649-96F6-EE78128E28A1}
		{2AF02E16-066E-4FC4-A187-350729FA0842} = {EC645CCE-0DC1-4E8A-8A1C-0CCDAEFA3B7B}
	EndGlobalSection
	GlobalSection(ExtensibilityGlobals) = postSolution
		SolutionGuid = {3BC8CEF5-6629-455E-BFF9-D506458C3548}
	EndGlobalSection
EndGlobal
